{
    "_readme": [
        "This file locks the dependencies of your project to a known state",
        "Read more about it at https://getcomposer.org/doc/01-basic-usage.md#installing-dependencies",
        "This file is @generated automatically"
    ],
    "content-hash": "77aad0422466a940a0ff2d08d7654433",
    "packages": [
        {
            "name": "icamys/php-sitemap-generator",
            "version": "4.3.3",
            "source": {
                "type": "git",
                "url": "https://github.com/icamys/php-sitemap-generator.git",
                "reference": "5d54b5679b811cf3345c5bbb0cc45d84a797dfe6"
            },
            "dist": {
                "type": "zip",
                "url": "https://api.github.com/repos/icamys/php-sitemap-generator/zipball/5d54b5679b811cf3345c5bbb0cc45d84a797dfe6",
                "reference": "5d54b5679b811cf3345c5bbb0cc45d84a797dfe6",
                "shasum": ""
            },
            "require": {
                "ext-curl": "*",
                "ext-dom": "*",
                "ext-mbstring": "*",
                "ext-simplexml": "*",
                "ext-spl": "*",
                "ext-xml": "*",
                "ext-xmlwriter": "*",
                "ext-zlib": "*",
                "php": "^7.3 || ^8.0"
            },
            "require-dev": {
                "php-mock/php-mock-phpunit": "^2.6.0",
                "phpunit/phpunit": "^9.3.8"
            },
            "type": "library",
            "autoload": {
                "psr-4": {
                    "Icamys\\SitemapGenerator\\": "src/"
                }
            },
            "notification-url": "https://packagist.org/downloads/",
            "license": [
                "MIT"
            ],
            "authors": [
                {
                    "name": "Prisacari Dmitrii",
                    "email": "prisacari.dmitrii@gmail.com",
                    "homepage": "http://github.com/icamys/"
                }
            ],
            "description": "Simple PHP sitemap generator.",
            "homepage": "https://github.com/icamys/php-sitemap-generator",
            "keywords": [
                "PSR-1",
                "PSR-2",
                "PSR-4",
                "Sitemap",
                "generator",
                "php"
            ],
            "support": {
                "issues": "https://github.com/icamys/php-sitemap-generator/issues",
                "source": "https://github.com/icamys/php-sitemap-generator/tree/4.3.3"
            },
            "time": "2021-08-01T15:07:57+00:00"
        },
        {
            "name": "phpmailer/phpmailer",
            "version": "v6.5.4",
            "source": {
                "type": "git",
                "url": "https://github.com/PHPMailer/PHPMailer.git",
                "reference": "c0d9f7dd3c2aa247ca44791e9209233829d82285"
            },
            "dist": {
                "type": "zip",
                "url": "https://api.github.com/repos/PHPMailer/PHPMailer/zipball/c0d9f7dd3c2aa247ca44791e9209233829d82285",
                "reference": "c0d9f7dd3c2aa247ca44791e9209233829d82285",
                "shasum": ""
            },
            "require": {
                "ext-ctype": "*",
                "ext-filter": "*",
                "ext-hash": "*",
                "php": ">=5.5.0"
            },
            "require-dev": {
                "dealerdirect/phpcodesniffer-composer-installer": "^0.7.0",
                "doctrine/annotations": "^1.2",
                "php-parallel-lint/php-console-highlighter": "^0.5.0",
                "php-parallel-lint/php-parallel-lint": "^1.3.1",
                "phpcompatibility/php-compatibility": "^9.3.5",
                "roave/security-advisories": "dev-latest",
                "squizlabs/php_codesniffer": "^3.6.2",
                "yoast/phpunit-polyfills": "^1.0.0"
            },
            "suggest": {
                "ext-mbstring": "Needed to send email in multibyte encoding charset or decode encoded addresses",
                "hayageek/oauth2-yahoo": "Needed for Yahoo XOAUTH2 authentication",
                "league/oauth2-google": "Needed for Google XOAUTH2 authentication",
                "psr/log": "For optional PSR-3 debug logging",
                "stevenmaguire/oauth2-microsoft": "Needed for Microsoft XOAUTH2 authentication",
                "symfony/polyfill-mbstring": "To support UTF-8 if the Mbstring PHP extension is not enabled (^1.2)"
            },
            "type": "library",
            "autoload": {
                "psr-4": {
                    "PHPMailer\\PHPMailer\\": "src/"
                }
            },
            "notification-url": "https://packagist.org/downloads/",
            "license": [
                "LGPL-2.1-only"
            ],
            "authors": [
                {
                    "name": "Marcus Bointon",
                    "email": "phpmailer@synchromedia.co.uk"
                },
                {
                    "name": "Jim Jagielski",
                    "email": "jimjag@gmail.com"
                },
                {
                    "name": "Andy Prevost",
                    "email": "codeworxtech@users.sourceforge.net"
                },
                {
                    "name": "Brent R. Matzelle"
                }
            ],
            "description": "PHPMailer is a full-featured email creation and transfer class for PHP",
            "support": {
                "issues": "https://github.com/PHPMailer/PHPMailer/issues",
                "source": "https://github.com/PHPMailer/PHPMailer/tree/v6.5.4"
            },
            "funding": [
                {
                    "url": "https://github.com/Synchro",
                    "type": "github"
                }
            ],
            "time": "2022-02-17T08:19:04+00:00"
        }
    ],
    "packages-dev": [],
    "aliases": [],
    "minimum-stability": "stable",
    "stability-flags": [],
    "prefer-stable": false,
    "prefer-lowest": false,
    "platform": [],
    "platform-dev": [],
    "plugin-api-version": "2.1.0"
}
